github.com/fulr/spidev v0.0.0-20150210165549-524e13e3fac2 h1:Bpecy8A24LtdIGkRUQTzoWf2mR0zkvxzAgTN5iP2iXM=
github.com/fulr/spidev v0.0.0-20150210165549-524e13e3fac2/go.mod h1:bMLIIHSjkThym5s6mFw/1rkPjtUDvbxSK4xTe/ai2AM=
github.com/talkkonnect/max7219 v0.0.0-20220213082435-2caf99768298 h1:LdPBOubROLa9+V2/bIqF2IAuaLjb4fSmLe8JWaUj4pg=
github.com/talkkonnect/max7219 v0.0.0-20220213082435-2caf99768298/go.mod h1:RYVyiuHwl28P8BIi66n5eFSY6+hvKI6lkov8GXlm08Y=
